# @generated by Move, please check-in and do not edit manually.

[move]
version = 3
manifest_digest = "7A1A138F3193D85431FD4E42CA346A873D6F4A47E9157A44C04FF67F6B9ED663"
deps_digest = "F8BBB0CCB2491CA29A3DF03D6F92277A4F3574266507ACD77214D37ECA3F3082"
dependencies = [
  { id = "Sui", name = "Sui" },
]

[[move.package]]
id = "MoveStdlib"
source = { git = "https://github.com/MystenLabs/sui.git", rev = "testnet", subdir = "crates/sui-framework/packages/move-stdlib" }

[[move.package]]
id = "Sui"
source = { git = "https://github.com/MystenLabs/sui.git", rev = "testnet", subdir = "crates/sui-framework/packages/sui-framework" }

dependencies = [
  { id = "MoveStdlib", name = "MoveStdlib" },
]

[move.toolchain-version]
compiler-version = "1.60.0"
edition = "2024.beta"
flavor = "sui"

[env]

[env.testnet]
chain-id = "4c78adac"
original-published-id = "0xf1b58aef262d82acf02be8352334e9dfaf3c83a4de82a89c535581acc485b438"
latest-published-id = "0xf1b58aef262d82acf02be8352334e9dfaf3c83a4de82a89c535581acc485b438"
published-version = "1"
